// !$*UTF8*$!
{
	archiveVersion = 1;
	classes = {
	};
	objectVersion = 50;
	objects = {

/* Begin PBXBuildFile section */
		83B2FB99245901F400912744 /* AppDelegate.swift in Sources */ = {isa = PBXBuildFile; fileRef = 83B2FB98245901F400912744 /* AppDelegate.swift */; };
		83B2FB9B245901F400912744 /* SceneDelegate.swift in Sources */ = {isa = PBXBuildFile; fileRef = 83B2FB9A245901F400912744 /* SceneDelegate.swift */; };
		83B2FB9D245901F400912744 /* ContentView.swift in Sources */ = {isa = PBXBuildFile; fileRef = 83B2FB9C245901F400912744 /* ContentView.swift */; };
		83B2FB9F245901F500912744 /* Assets.xcassets in Resources */ = {isa = PBXBuildFile; fileRef = 83B2FB9E245901F500912744 /* Assets.xcassets */; };
		83B2FBA2245901F500912744 /* Preview Assets.xcassets in Resources */ = {isa = PBXBuildFile; fileRef = 83B2FBA1245901F500912744 /* Preview Assets.xcassets */; };
		83B2FBA5245901F500912744 /* LaunchScreen.storyboard in Resources */ = {isa = PBXBuildFile; fileRef = 83B2FBA3245901F500912744 /* LaunchScreen.storyboard */; };
		83B2FBAD24590F7D00912744 /* astronauts.json in Resources */ = {isa = PBXBuildFile; fileRef = 83B2FBAC24590F7D00912744 /* astronauts.json */; };
		83B2FBAF24590F8100912744 /* missions.json in Resources */ = {isa = PBXBuildFile; fileRef = 83B2FBAE24590F8100912744 /* missions.json */; };
		83B2FBB12459109000912744 /* Astronaut.swift in Sources */ = {isa = PBXBuildFile; fileRef = 83B2FBB02459109000912744 /* Astronaut.swift */; };
		83B2FBB3245910D400912744 /* Bundle-Decodable.swift in Sources */ = {isa = PBXBuildFile; fileRef = 83B2FBB2245910D400912744 /* Bundle-Decodable.swift */; };
		83B2FBB5245911A400912744 /* Mission.swift in Sources */ = {isa = PBXBuildFile; fileRef = 83B2FBB4245911A400912744 /* Mission.swift */; };
		83B2FBB92459152200912744 /* MissionView.swift in Sources */ = {isa = PBXBuildFile; fileRef = 83B2FBB82459152200912744 /* MissionView.swift */; };
		83B2FBBB2459185E00912744 /* AstronautView.swift in Sources */ = {isa = PBXBuildFile; fileRef = 83B2FBBA2459185E00912744 /* AstronautView.swift */; };
/* End PBXBuildFile section */

/* Begin PBXFileReference section */
		83B2FB95245901F400912744 /* Moonshot.app */ = {isa = PBXFileReference; explicitFileType = wrapper.application; includeInIndex = 0; path = Moonshot.app; sourceTree = BUILT_PRODUCTS_DIR; };
		83B2FB98245901F400912744 /* AppDelegate.swift */ = {isa = PBXFileReference; lastKnownFileType = sourcecode.swift; path = AppDelegate.swift; sourceTree = "<group>"; };
		83B2FB9A245901F400912744 /* SceneDelegate.swift */ = {isa = PBXFileReference; lastKnownFileType = sourcecode.swift; path = SceneDelegate.swift; sourceTree = "<group>"; };
		83B2FB9C245901F400912744 /* ContentView.swift */ = {isa = PBXFileReference; lastKnownFileType = sourcecode.swift; path = ContentView.swift; sourceTree = "<group>"; };
		83B2FB9E245901F500912744 /* Assets.xcassets */ = {isa = PBXFileReference; lastKnownFileType = folder.assetcatalog; path = Assets.xcassets; sourceTree = "<group>"; };
		83B2FBA1245901F500912744 /* Preview Assets.xcassets */ = {isa = PBXFileReference; lastKnownFileType = folder.assetcatalog; path = "Preview Assets.xcassets"; sourceTree = "<group>"; };
		83B2FBA4245901F500912744 /* Base */ = {isa = PBXFileReference; lastKnownFileType = file.storyboard; name = Base; path = Base.lproj/LaunchScreen.storyboard; sourceTree = "<group>"; };
		83B2FBA6245901F500912744 /* Info.plist */ = {isa = PBXFileReference; lastKnownFileType = text.plist.xml; path = Info.plist; sourceTree = "<group>"; };
		83B2FBAC24590F7D00912744 /* astronauts.json */ = {isa = PBXFileReference; fileEncoding = 4; lastKnownFileType = text.json; path = astronauts.json; sourceTree = SOURCE_ROOT; };
		83B2FBAE24590F8100912744 /* missions.json */ = {isa = PBXFileReference; fileEncoding = 4; lastKnownFileType = text.json; path = missions.json; sourceTree = SOURCE_ROOT; };
		83B2FBB02459109000912744 /* Astronaut.swift */ = {isa = PBXFileReference; lastKnownFileType = sourcecode.swift; path = Astronaut.swift; sourceTree = "<group>"; };
		83B2FBB2245910D400912744 /* Bundle-Decodable.swift */ = {isa = PBXFileReference; lastKnownFileType = sourcecode.swift; path = "Bundle-Decodable.swift"; sourceTree = "<group>"; };
		83B2FBB4245911A400912744 /* Mission.swift */ = {isa = PBXFileReference; lastKnownFileType = sourcecode.swift; path = Mission.swift; sourceTree = "<group>"; };
		83B2FBB82459152200912744 /* MissionView.swift */ = {isa = PBXFileReference; lastKnownFileType = sourcecode.swift; path = MissionView.swift; sourceTree = "<group>"; };
		83B2FBBA2459185E00912744 /* AstronautView.swift */ = {isa = PBXFileReference; lastKnownFileType = sourcecode.swift; path = AstronautView.swift; sourceTree = "<group>"; };
/* End PBXFileReference section */

/* Begin PBXFrameworksBuildPhase section */
		83B2FB92245901F400912744 /* Frameworks */ = {
			isa = PBXFrameworksBuildPhase;
			buildActionMask = 2147483647;
			files = (
			);
			runOnlyForDeploymentPostprocessing = 0;
		};
/* End PBXFrameworksBuildPhase section */

/* Begin PBXGroup section */
		83B2FB8C245901F400912744 = {
			isa = PBXGroup;
			children = (
				83B2FB97245901F400912744 /* Moonshot */,
				83B2FB96245901F400912744 /* Products */,
			);
			sourceTree = "<group>";
		};
		83B2FB96245901F400912744 /* Products */ = {
			isa = PBXGroup;
			children = (
				83B2FB95245901F400912744 /* Moonshot.app */,
			);
			name = Products;
			sourceTree = "<group>";
		};
		83B2FB97245901F400912744 /* Moonshot */ = {
			isa = PBXGroup;
			children = (
				83B2FB98245901F400912744 /* AppDelegate.swift */,
				83B2FB9A245901F400912744 /* SceneDelegate.swift */,
				83B2FB9C245901F400912744 /* ContentView.swift */,
				83B2FBBA2459185E00912744 /* AstronautView.swift */,
				83B2FBB82459152200912744 /* MissionView.swift */,
				83B2FBB02459109000912744 /* Astronaut.swift */,
				83B2FBB4245911A400912744 /* Mission.swift */,
				83B2FBB2245910D400912744 /* Bundle-Decodable.swift */,
				83B2FBAC24590F7D00912744 /* astronauts.json */,
				83B2FBAE24590F8100912744 /* missions.json */,
				83B2FB9E245901F500912744 /* Assets.xcassets */,
				83B2FBA3245901F500912744 /* LaunchScreen.storyboard */,
				83B2FBA6245901F500912744 /* Info.plist */,
				83B2FBA0245901F500912744 /* Preview Content */,
			);
			path = Moonshot;
			sourceTree = "<group>";
		};
		83B2FBA0245901F500912744 /* Preview Content */ = {
			isa = PBXGroup;
			children = (
				83B2FBA1245901F500912744 /* Preview Assets.xcassets */,
			);
			path = "Preview Content";
			sourceTree = "<group>";
		};
/* End PBXGroup section */

/* Begin PBXNativeTarget section */
		83B2FB94245901F400912744 /* Moonshot */ = {
			isa = PBXNativeTarget;
			buildConfigurationList = 83B2FBA9245901F500912744 /* Build configuration list for PBXNativeTarget "Moonshot" */;
			buildPhases = (
				83B2FB91245901F400912744 /* Sources */,
				83B2FB92245901F400912744 /* Frameworks */,
				83B2FB93245901F400912744 /* Resources */,
			);
			buildRules = (
			);
			dependencies = (
			);
			name = Moonshot;
			productName = Moonshot;
			productReference = 83B2FB95245901F400912744 /* Moonshot.app */;
			productType = "com.apple.product-type.application";
		};
/* End PBXNativeTarget section */

/* Begin PBXProject section */
		83B2FB8D245901F400912744 /* Project object */ = {
			isa = PBXProject;
			attributes = {
				LastSwiftUpdateCheck = 1140;
				LastUpgradeCheck = 1140;
				ORGANIZATIONNAME = "Christopher Walter";
				TargetAttributes = {
					83B2FB94245901F400912744 = {
						CreatedOnToolsVersion = 11.4.1;
					};
				};
			};
			buildConfigurationList = 83B2FB90245901F400912744 /* Build configuration list for PBXProject "Moonshot" */;
			compatibilityVersion = "Xcode 9.3";
			developmentRegion = en;
			hasScannedForEncodings = 0;
			knownRegions = (
				en,
				Base,
			);
			mainGroup = 83B2FB8C245901F400912744;
			productRefGroup = 83B2FB96245901F400912744 /* Products */;
			projectDirPath = "";
			projectRoot = "";
			targets = (
				83B2FB94245901F400912744 /* Moonshot */,
			);
		};
/* End PBXProject section */

/* Begin PBXResourcesBuildPhase section */
		83B2FB93245901F400912744 /* Resources */ = {
			isa = PBXResourcesBuildPhase;
			buildActionMask = 2147483647;
			files = (
				83B2FBA5245901F500912744 /* LaunchScreen.storyboard in Resources */,
				83B2FBAF24590F8100912744 /* missions.json in Resources */,
				83B2FBA2245901F500912744 /* Preview Assets.xcassets in Resources */,
				83B2FB9F245901F500912744 /* Assets.xcassets in Resources */,
				83B2FBAD24590F7D00912744 /* astronauts.json in Resources */,
			);
			runOnlyForDeploymentPostprocessing = 0;
		};
/* End PBXResourcesBuildPhase section */

/* Begin PBXSourcesBuildPhase section */
		83B2FB91245901F400912744 /* Sources */ = {
			isa = PBXSourcesBuildPhase;
			buildActionMask = 2147483647;
			files = (
				83B2FBB92459152200912744 /* MissionView.swift in Sources */,
				83B2FBB5245911A400912744 /* Mission.swift in Sources */,
				83B2FBBB2459185E00912744 /* AstronautView.swift in Sources */,
				83B2FB99245901F400912744 /* AppDelegate.swift in Sources */,
				83B2FB9B245901F400912744 /* SceneDelegate.swift in Sources */,
				83B2FBB3245910D400912744 /* Bundle-Decodable.swift in Sources */,
				83B2FB9D245901F400912744 /* ContentView.swift in Sources */,
				83B2FBB12459109000912744 /* Astronaut.swift in Sources */,
			);
			runOnlyForDeploymentPostprocessing = 0;
		};
/* End PBXSourcesBuildPhase section */

/* Begin PBXVariantGroup section */
		83B2FBA3245901F500912744 /* LaunchScreen.storyboard */ = {
			isa = PBXVariantGroup;
			children = (
				83B2FBA4245901F500912744 /* Base */,
			);
			name = LaunchScreen.storyboard;
			sourceTree = "<group>";
		};
/* End PBXVariantGroup section */

/* Begin XCBuildConfiguration section */
		83B2FBA7245901F500912744 /* Debug */ = {
			isa = XCBuildConfiguration;
			buildSettings = {
				ALWAYS_SEARCH_USER_PATHS = NO;
				CLANG_ANALYZER_NONNULL = YES;
				CLANG_ANALYZER_NUMBER_OBJECT_CONVERSION = YES_AGGRESSIVE;
				CLANG_CXX_LANGUAGE_STANDARD = "gnu++14";
				CLANG_CXX_LIBRARY = "libc++";
				CLANG_ENABLE_MODULES = YES;
				CLANG_ENABLE_OBJC_ARC = YES;
				CLANG_ENABLE_OBJC_WEAK = YES;
				CLANG_WARN_BLOCK_CAPTURE_AUTORELEASING = YES;
				CLANG_WARN_BOOL_CONVERSION = YES;
				CLANG_WARN_COMMA = YES;
				CLANG_WARN_CONSTANT_CONVERSION = YES;
				CLANG_WARN_DEPRECATED_OBJC_IMPLEMENTATIONS = YES;
				CLANG_WARN_DIRECT_OBJC_ISA_USAGE = YES_ERROR;
				CLANG_WARN_DOCUMENTATION_COMMENTS = YES;
				CLANG_WARN_EMPTY_BODY = YES;
				CLANG_WARN_ENUM_CONVERSION = YES;
				CLANG_WARN_INFINITE_RECURSION = YES;
				CLANG_WARN_INT_CONVERSION = YES;
				CLANG_WARN_NON_LITERAL_NULL_CONVERSION = YES;
				CLANG_WARN_OBJC_IMPLICIT_RETAIN_SELF = YES;
				CLANG_WARN_OBJC_LITERAL_CONVERSION = YES;
				CLANG_WARN_OBJC_ROOT_CLASS = YES_ERROR;
				CLANG_WARN_RANGE_LOOP_ANALYSIS = YES;
				CLANG_WARN_STRICT_PROTOTYPES = YES;
				CLANG_WARN_SUSPICIOUS_MOVE = YES;
				CLANG_WARN_UNGUARDED_AVAILABILITY = YES_AGGRESSIVE;
				CLANG_WARN_UNREACHABLE_CODE = YES;
				CLANG_WARN__DUPLICATE_METHOD_MATCH = YES;
				COPY_PHASE_STRIP = NO;
				DEBUG_INFORMATION_FORMAT = dwarf;
				ENABLE_STRICT_OBJC_MSGSEND = YES;
				ENABLE_TESTABILITY = YES;
				GCC_C_LANGUAGE_STANDARD = gnu11;
				GCC_DYNAMIC_NO_PIC = NO;
				GCC_NO_COMMON_BLOCKS = YES;
				GCC_OPTIMIZATION_LEVEL = 0;
				GCC_PREPROCESSOR_DEFINITIONS = (
					"DEBUG=1",
					"$(inherited)",
				);
				GCC_WARN_64_TO_32_BIT_CONVERSION = YES;
				GCC_WARN_ABOUT_RETURN_TYPE = YES_ERROR;
				GCC_WARN_UNDECLARED_SELECTOR = YES;
				GCC_WARN_UNINITIALIZED_AUTOS = YES_AGGRESSIVE;
				GCC_WARN_UNUSED_FUNCTION = YES;
				GCC_WARN_UNUSED_VARIABLE = YES;
				IPHONEOS_DEPLOYMENT_TARGET = 13.4;
				MTL_ENABLE_DEBUG_INFO = INCLUDE_SOURCE;
				MTL_FAST_MATH = YES;
				ONLY_ACTIVE_ARCH = YES;
				SDKROOT = iphoneos;
				SWIFT_ACTIVE_COMPILATION_CONDITIONS = DEBUG;
				SWIFT_OPTIMIZATION_LEVEL = "-Onone";
			};
			name = Debug;
		};
		83B2FBA8245901F500912744 /* Release */ = {
			isa = XCBuildConfiguration;
			buildSettings = {
				ALWAYS_SEARCH_USER_PATHS = NO;
				CLANG_ANALYZER_NONNULL = YES;
				CLANG_ANALYZER_NUMBER_OBJECT_CONVERSION = YES_AGGRESSIVE;
				CLANG_CXX_LANGUAGE_STANDARD = "gnu++14";
				CLANG_CXX_LIBRARY = "libc++";
				CLANG_ENABLE_MODULES = YES;
				CLANG_ENABLE_OBJC_ARC = YES;
				CLANG_ENABLE_OBJC_WEAK = YES;
				CLANG_WARN_BLOCK_CAPTURE_AUTORELEASING = YES;
				CLANG_WARN_BOOL_CONVERSION = YES;
				CLANG_WARN_COMMA = YES;
				CLANG_WARN_CONSTANT_CONVERSION = YES;
				CLANG_WARN_DEPRECATED_OBJC_IMPLEMENTATIONS = YES;
				CLANG_WARN_DIRECT_OBJC_ISA_USAGE = YES_ERROR;
				CLANG_WARN_DOCUMENTATION_COMMENTS = YES;
				CLANG_WARN_EMPTY_BODY = YES;
				CLANG_WARN_ENUM_CONVERSION = YES;
				CLANG_WARN_INFINITE_RECURSION = YES;
				CLANG_WARN_INT_CONVERSION = YES;
				CLANG_WARN_NON_LITERAL_NULL_CONVERSION = YES;
				CLANG_WARN_OBJC_IMPLICIT_RETAIN_SELF = YES;
				CLANG_WARN_OBJC_LITERAL_CONVERSION = YES;
				CLANG_WARN_OBJC_ROOT_CLASS = YES_ERROR;
				CLANG_WARN_RANGE_LOOP_ANALYSIS = YES;
				CLANG_WARN_STRICT_PROTOTYPES = YES;
				CLANG_WARN_SUSPICIOUS_MOVE = YES;
				CLANG_WARN_UNGUARDED_AVAILABILITY = YES_AGGRESSIVE;
				CLANG_WARN_UNREACHABLE_CODE = YES;
				CLANG_WARN__DUPLICATE_METHOD_MATCH = YES;
				COPY_PHASE_STRIP = NO;
				DEBUG_INFORMATION_FORMAT = "dwarf-with-dsym";
				ENABLE_NS_ASSERTIONS = NO;
				ENABLE_STRICT_OBJC_MSGSEND = YES;
				GCC_C_LANGUAGE_STANDARD = gnu11;
				GCC_NO_COMMON_BLOCKS = YES;
				GCC_WARN_64_TO_32_BIT_CONVERSION = YES;
				GCC_WARN_ABOUT_RETURN_TYPE = YES_ERROR;
				GCC_WARN_UNDECLARED_SELECTOR = YES;
				GCC_WARN_UNINITIALIZED_AUTOS = YES_AGGRESSIVE;
				GCC_WARN_UNUSED_FUNCTION = YES;
				GCC_WARN_UNUSED_VARIABLE = YES;
				IPHONEOS_DEPLOYMENT_TARGET = 13.4;
				MTL_ENABLE_DEBUG_INFO = NO;
				MTL_FAST_MATH = YES;
				SDKROOT = iphoneos;
				SWIFT_COMPILATION_MODE = wholemodule;
				SWIFT_OPTIMIZATION_LEVEL = "-O";
				VALIDATE_PRODUCT = YES;
			};
			name = Release;
		};
		83B2FBAA245901F500912744 /* Debug */ = {
			isa = XCBuildConfiguration;
			buildSettings = {
				ASSETCATALOG_COMPILER_APPICON_NAME = AppIcon;
				CODE_SIGN_STYLE = Automatic;
				DEVELOPMENT_ASSET_PATHS = "\"Moonshot/Preview Content\"";
				DEVELOPMENT_TEAM = 84LWTY6T5F;
				ENABLE_PREVIEWS = YES;
				INFOPLIST_FILE = Moonshot/Info.plist;
				LD_RUNPATH_SEARCH_PATHS = (
					"$(inherited)",
					"@executable_path/Frameworks",
				);
				PRODUCT_BUNDLE_IDENTIFIER = com.DocsApps.Moonshot;
				PRODUCT_NAME = "$(TARGET_NAME)";
				SWIFT_VERSION = 5.0;
				TARGETED_DEVICE_FAMILY = "1,2";
			};
			name = Debug;
		};
		83B2FBAB245901F500912744 /* Release */ = {
			isa = XCBuildConfiguration;
			buildSettings = {
				ASSETCATALOG_COMPILER_APPICON_NAME = AppIcon;
				CODE_SIGN_STYLE = Automatic;
				DEVELOPMENT_ASSET_PATHS = "\"Moonshot/Preview Content\"";
				DEVELOPMENT_TEAM = 84LWTY6T5F;
				ENABLE_PREVIEWS = YES;
				INFOPLIST_FILE = Moonshot/Info.plist;
				LD_RUNPATH_SEARCH_PATHS = (
					"$(inherited)",
					"@executable_path/Frameworks",
				);
				PRODUCT_BUNDLE_IDENTIFIER = com.DocsApps.Moonshot;
				PRODUCT_NAME = "$(TARGET_NAME)";
				SWIFT_VERSION = 5.0;
				TARGETED_DEVICE_FAMILY = "1,2";
			};
			name = Release;
		};
/* End XCBuildConfiguration section */

/* Begin XCConfigurationList section */
		83B2FB90245901F400912744 /* Build configuration list for PBXProject "Moonshot" */ = {
			isa = XCConfigurationList;
			buildConfigurations = (
				83B2FBA7245901F500912744 /* Debug */,
				83B2FBA8245901F500912744 /* Release */,
			);
			defaultConfigurationIsVisible = 0;
			defaultConfigurationName = Release;
		};
		83B2FBA9245901F500912744 /* Build configuration list for PBXNativeTarget "Moonshot" */ = {
			isa = XCConfigurationList;
			buildConfigurations = (
				83B2FBAA245901F500912744 /* Debug */,
				83B2FBAB245901F500912744 /* Release */,
			);
			defaultConfigurationIsVisible = 0;
			defaultConfigurationName = Release;
		};
/* End XCConfigurationList section */
	};
	rootObject = 83B2FB8D245901F400912744 /* Project object */;
}
